
Microsoft Visual Studio Solution File, Format Version 12.00
# Visual Studio Version 17
VisualStudioVersion = 17.14.36121.58 d17.14
MinimumVisualStudioVersion = 10.0.40219.1
Project("{FAE04EC0-301F-11D3-BF4B-00C04F79EFBC}") = "Employee", "Employee\Employee.csproj", "{5153E1ED-7C4B-49D7-BE41-A11C050FB620}"
EndProject
Global
	GlobalSection(SolutionConfigurationPlatforms) = preSolution
		Debug|Any CPU = Debug|Any CPU
		Release|Any CPU = Release|Any CPU
	EndGlobalSection
	GlobalSection(ProjectConfigurationPlatforms) = postSolution
		{5153E1ED-7C4B-49D7-BE41-A11C050FB620}.Debug|Any CPU.ActiveCfg = Debug|Any CPU
		{5153E1ED-7C4B-49D7-BE41-A11C050FB620}.Debug|Any CPU.Build.0 = Debug|Any CPU
		{5153E1ED-7C4B-49D7-BE41-A11C050FB620}.Release|Any CPU.ActiveCfg = Release|Any CPU
		{5153E1ED-7C4B-49D7-BE41-A11C050FB620}.Release|Any CPU.Build.0 = Release|Any CPU
	EndGlobalSection
	GlobalSection(SolutionProperties) = preSolution
		HideSolutionNode = FALSE
	EndGlobalSection
	GlobalSection(ExtensibilityGlobals) = postSolution
		SolutionGuid = {02AA4BCC-1D28-4FDF-8E53-F79C6A26C34B}
	EndGlobalSection
EndGlobal
